PODS:
  - SAMKeychain (1.5.3)
  - wscLib (0.0.21):
    - SAMKeychain (~> 1.5.3)

DEPENDENCIES:
  - SAMKeychain (~> 1.5.3)
  - wscLib (from `../`)

SPEC REPOS:
  https://github.com/CocoaPods/Specs.git:
    - SAMKeychain

EXTERNAL SOURCES:
  wscLib:
    :path: "../"

SPEC CHECKSUMS:
  SAMKeychain: 483e1c9f32984d50ca961e26818a534283b4cd5c
  wscLib: 17f613fe34c00a77768662f3625ab6b67e803783

PODFILE CHECKSUM: bd9fe8867c25a448899bf24e234d43182c4c936a

COCOAPODS: 1.8.4
